
Microsoft Visual Studio Solution File, Format Version 12.00
# Visual Studio 15
VisualStudioVersion = 15.0.26124.0
MinimumVisualStudioVersion = 15.0.26124.0
Project("{FAE04EC0-301F-11D3-BF4B-00C04F79EFBC}") = "Domain", "Domain\Domain.csproj", "{286F921D-EDA1-4995-8FA3-83E3D3E3916B}"
EndProject
Project("{FAE04EC0-301F-11D3-BF4B-00C04F79EFBC}") = "Application", "Application\Application.csproj", "{61162741-D659-4EA4-AD65-EC7CF3201120}"
EndProject
Project("{FAE04EC0-301F-11D3-BF4B-00C04F79EFBC}") = "Persistence", "Persistence\Persistence.csproj", "{2349B495-4590-416A-B2A9-7D4198BB2143}"
EndProject
Project("{FAE04EC0-301F-11D3-BF4B-00C04F79EFBC}") = "API", "API\API.csproj", "{F55865D3-54F1-48EF-945B-BC4C203F2CDB}"
EndProject
Global
	GlobalSection(SolutionConfigurationPlatforms) = preSolution
		Debug|Any CPU = Debug|Any CPU
		Debug|x64 = Debug|x64
		Debug|x86 = Debug|x86
		Release|Any CPU = Release|Any CPU
		Release|x64 = Release|x64
		Release|x86 = Release|x86
	EndGlobalSection
	GlobalSection(SolutionProperties) = preSolution
		HideSolutionNode = FALSE
	EndGlobalSection
	GlobalSection(ProjectConfigurationPlatforms) = postSolution
		{286F921D-EDA1-4995-8FA3-83E3D3E3916B}.Debug|Any CPU.ActiveCfg = Debug|Any CPU
		{286F921D-EDA1-4995-8FA3-83E3D3E3916B}.Debug|Any CPU.Build.0 = Debug|Any CPU
		{286F921D-EDA1-4995-8FA3-83E3D3E3916B}.Debug|x64.ActiveCfg = Debug|Any CPU
		{286F921D-EDA1-4995-8FA3-83E3D3E3916B}.Debug|x64.Build.0 = Debug|Any CPU
		{286F921D-EDA1-4995-8FA3-83E3D3E3916B}.Debug|x86.ActiveCfg = Debug|Any CPU
		{286F921D-EDA1-4995-8FA3-83E3D3E3916B}.Debug|x86.Build.0 = Debug|Any CPU
		{286F921D-EDA1-4995-8FA3-83E3D3E3916B}.Release|Any CPU.ActiveCfg = Release|Any CPU
		{286F921D-EDA1-4995-8FA3-83E3D3E3916B}.Release|Any CPU.Build.0 = Release|Any CPU
		{286F921D-EDA1-4995-8FA3-83E3D3E3916B}.Release|x64.ActiveCfg = Release|Any CPU
		{286F921D-EDA1-4995-8FA3-83E3D3E3916B}.Release|x64.Build.0 = Release|Any CPU
		{286F921D-EDA1-4995-8FA3-83E3D3E3916B}.Release|x86.ActiveCfg = Release|Any CPU
		{286F921D-EDA1-4995-8FA3-83E3D3E3916B}.Release|x86.Build.0 = Release|Any CPU
		{61162741-D659-4EA4-AD65-EC7CF3201120}.Debug|Any CPU.ActiveCfg = Debug|Any CPU
		{61162741-D659-4EA4-AD65-EC7CF3201120}.Debug|Any CPU.Build.0 = Debug|Any CPU
		{61162741-D659-4EA4-AD65-EC7CF3201120}.Debug|x64.ActiveCfg = Debug|Any CPU
		{61162741-D659-4EA4-AD65-EC7CF3201120}.Debug|x64.Build.0 = Debug|Any CPU
		{61162741-D659-4EA4-AD65-EC7CF3201120}.Debug|x86.ActiveCfg = Debug|Any CPU
		{61162741-D659-4EA4-AD65-EC7CF3201120}.Debug|x86.Build.0 = Debug|Any CPU
		{61162741-D659-4EA4-AD65-EC7CF3201120}.Release|Any CPU.ActiveCfg = Release|Any CPU
		{61162741-D659-4EA4-AD65-EC7CF3201120}.Release|Any CPU.Build.0 = Release|Any CPU
		{61162741-D659-4EA4-AD65-EC7CF3201120}.Release|x64.ActiveCfg = Release|Any CPU
		{61162741-D659-4EA4-AD65-EC7CF3201120}.Release|x64.Build.0 = Release|Any CPU
		{61162741-D659-4EA4-AD65-EC7CF3201120}.Release|x86.ActiveCfg = Release|Any CPU
		{61162741-D659-4EA4-AD65-EC7CF3201120}.Release|x86.Build.0 = Release|Any CPU
		{2349B495-4590-416A-B2A9-7D4198BB2143}.Debug|Any CPU.ActiveCfg = Debug|Any CPU
		{2349B495-4590-416A-B2A9-7D4198BB2143}.Debug|Any CPU.Build.0 = Debug|Any CPU
		{2349B495-4590-416A-B2A9-7D4198BB2143}.Debug|x64.ActiveCfg = Debug|Any CPU
		{2349B495-4590-416A-B2A9-7D4198BB2143}.Debug|x64.Build.0 = Debug|Any CPU
		{2349B495-4590-416A-B2A9-7D4198BB2143}.Debug|x86.ActiveCfg = Debug|Any CPU
		{2349B495-4590-416A-B2A9-7D4198BB2143}.Debug|x86.Build.0 = Debug|Any CPU
		{2349B495-4590-416A-B2A9-7D4198BB2143}.Release|Any CPU.ActiveCfg = Release|Any CPU
		{2349B495-4590-416A-B2A9-7D4198BB2143}.Release|Any CPU.Build.0 = Release|Any CPU
		{2349B495-4590-416A-B2A9-7D4198BB2143}.Release|x64.ActiveCfg = Release|Any CPU
		{2349B495-4590-416A-B2A9-7D4198BB2143}.Release|x64.Build.0 = Release|Any CPU
		{2349B495-4590-416A-B2A9-7D4198BB2143}.Release|x86.ActiveCfg = Release|Any CPU
		{2349B495-4590-416A-B2A9-7D4198BB2143}.Release|x86.Build.0 = Release|Any CPU
		{F55865D3-54F1-48EF-945B-BC4C203F2CDB}.Debug|Any CPU.ActiveCfg = Debug|Any CPU
		{F55865D3-54F1-48EF-945B-BC4C203F2CDB}.Debug|Any CPU.Build.0 = Debug|Any CPU
		{F55865D3-54F1-48EF-945B-BC4C203F2CDB}.Debug|x64.ActiveCfg = Debug|Any CPU
		{F55865D3-54F1-48EF-945B-BC4C203F2CDB}.Debug|x64.Build.0 = Debug|Any CPU
		{F55865D3-54F1-48EF-945B-BC4C203F2CDB}.Debug|x86.ActiveCfg = Debug|Any CPU
		{F55865D3-54F1-48EF-945B-BC4C203F2CDB}.Debug|x86.Build.0 = Debug|Any CPU
		{F55865D3-54F1-48EF-945B-BC4C203F2CDB}.Release|Any CPU.ActiveCfg = Release|Any CPU
		{F55865D3-54F1-48EF-945B-BC4C203F2CDB}.Release|Any CPU.Build.0 = Release|Any CPU
		{F55865D3-54F1-48EF-945B-BC4C203F2CDB}.Release|x64.ActiveCfg = Release|Any CPU
		{F55865D3-54F1-48EF-945B-BC4C203F2CDB}.Release|x64.Build.0 = Release|Any CPU
		{F55865D3-54F1-48EF-945B-BC4C203F2CDB}.Release|x86.ActiveCfg = Release|Any CPU
		{F55865D3-54F1-48EF-945B-BC4C203F2CDB}.Release|x86.Build.0 = Release|Any CPU
	EndGlobalSection
EndGlobal
